
Microsoft Visual Studio Solution File, Format Version 12.00
# Visual Studio Version 17
VisualStudioVersion = 17.1.32210.238
MinimumVisualStudioVersion = 10.0.40219.1
Project("{9A19103F-16F7-4668-BE54-9A1E7A4F7556}") = "HltvSharp", "HltvSharp\HltvSharp.csproj", "{65EDAD4B-6CA1-4168-B5F8-A80BE23C91D7}"
EndProject
Global
	GlobalSection(SolutionConfigurationPlatforms) = preSolution
		Debug|Any CPU = Debug|Any CPU
		Release|Any CPU = Release|Any CPU
	EndGlobalSection
	GlobalSection(ProjectConfigurationPlatforms) = postSolution
		{65EDAD4B-6CA1-4168-B5F8-A80BE23C91D7}.Debug|Any CPU.ActiveCfg = Debug|Any CPU
		{65EDAD4B-6CA1-4168-B5F8-A80BE23C91D7}.Debug|Any CPU.Build.0 = Debug|Any CPU
		{65EDAD4B-6CA1-4168-B5F8-A80BE23C91D7}.Release|Any CPU.ActiveCfg = Release|Any CPU
		{65EDAD4B-6CA1-4168-B5F8-A80BE23C91D7}.Release|Any CPU.Build.0 = Release|Any CPU
	EndGlobalSection
	GlobalSection(SolutionProperties) = preSolution
		HideSolutionNode = FALSE
	EndGlobalSection
	GlobalSection(ExtensibilityGlobals) = postSolution
		SolutionGuid = {27C22896-72B1-47AE-8F30-8B59A39327E1}
	EndGlobalSection
EndGlobal
